// !$*UTF8*$!
{
	archiveVersion = 1;
	classes = {
	};
	objectVersion = 55;
	objects = {

/* Begin PBXBuildFile section */
		D674895B28D934F900623395 /* daily7.c in Sources */ = {isa = PBXBuildFile; fileRef = D674895A28D934F900623395 /* daily7.c */; };
		D674B5C128D8DC0A00EEC8BA /* main.cpp in Sources */ = {isa = PBXBuildFile; fileRef = D674B5C028D8DC0A00EEC8BA /* main.cpp */; };
		D674B5C928D8DE4300EEC8BA /* day7notes.c in Sources */ = {isa = PBXBuildFile; fileRef = D674B5C828D8DE4300EEC8BA /* day7notes.c */; };
/* End PBXBuildFile section */

/* Begin PBXCopyFilesBuildPhase section */
		D674B5BB28D8DC0A00EEC8BA /* CopyFiles */ = {
			isa = PBXCopyFilesBuildPhase;
			buildActionMask = 2147483647;
			dstPath = /usr/share/man/man1/;
			dstSubfolderSpec = 0;
			files = (
			);
			runOnlyForDeploymentPostprocessing = 1;
		};
/* End PBXCopyFilesBuildPhase section */

/* Begin PBXFileReference section */
		D674895928D934F900623395 /* daily7.h */ = {isa = PBXFileReference; lastKnownFileType = sourcecode.c.h; path = daily7.h; sourceTree = "<group>"; };
		D674895A28D934F900623395 /* daily7.c */ = {isa = PBXFileReference; lastKnownFileType = sourcecode.c.c; path = daily7.c; sourceTree = "<group>"; };
		D674B5BD28D8DC0A00EEC8BA /* day7 */ = {isa = PBXFileReference; explicitFileType = "compiled.mach-o.executable"; includeInIndex = 0; path = day7; sourceTree = BUILT_PRODUCTS_DIR; };
		D674B5C028D8DC0A00EEC8BA /* main.cpp */ = {isa = PBXFileReference; lastKnownFileType = sourcecode.cpp.cpp; path = main.cpp; sourceTree = "<group>"; };
		D674B5C728D8DE4200EEC8BA /* day7notes.h */ = {isa = PBXFileReference; lastKnownFileType = sourcecode.c.h; path = day7notes.h; sourceTree = "<group>"; };
		D674B5C828D8DE4300EEC8BA /* day7notes.c */ = {isa = PBXFileReference; lastKnownFileType = sourcecode.c.c; path = day7notes.c; sourceTree = "<group>"; };
/* End PBXFileReference section */

/* Begin PBXFrameworksBuildPhase section */
		D674B5BA28D8DC0A00EEC8BA /* Frameworks */ = {
			isa = PBXFrameworksBuildPhase;
			buildActionMask = 2147483647;
			files = (
			);
			runOnlyForDeploymentPostprocessing = 0;
		};
/* End PBXFrameworksBuildPhase section */

/* Begin PBXGroup section */
		D674B5B428D8DC0A00EEC8BA = {
			isa = PBXGroup;
			children = (
				D674B5BF28D8DC0A00EEC8BA /* day7 */,
				D674B5BE28D8DC0A00EEC8BA /* Products */,
			);
			sourceTree = "<group>";
		};
		D674B5BE28D8DC0A00EEC8BA /* Products */ = {
			isa = PBXGroup;
			children = (
				D674B5BD28D8DC0A00EEC8BA /* day7 */,
			);
			name = Products;
			sourceTree = "<group>";
		};
		D674B5BF28D8DC0A00EEC8BA /* day7 */ = {
			isa = PBXGroup;
			children = (
				D674B5C028D8DC0A00EEC8BA /* main.cpp */,
				D674B5C728D8DE4200EEC8BA /* day7notes.h */,
				D674B5C828D8DE4300EEC8BA /* day7notes.c */,
				D674895928D934F900623395 /* daily7.h */,
				D674895A28D934F900623395 /* daily7.c */,
			);
			path = day7;
			sourceTree = "<group>";
		};
/* End PBXGroup section */

/* Begin PBXNativeTarget section */
		D674B5BC28D8DC0A00EEC8BA /* day7 */ = {
			isa = PBXNativeTarget;
			buildConfigurationList = D674B5C428D8DC0A00EEC8BA /* Build configuration list for PBXNativeTarget "day7" */;
			buildPhases = (
				D674B5B928D8DC0A00EEC8BA /* Sources */,
				D674B5BA28D8DC0A00EEC8BA /* Frameworks */,
				D674B5BB28D8DC0A00EEC8BA /* CopyFiles */,
			);
			buildRules = (
			);
			dependencies = (
			);
			name = day7;
			productName = day7;
			productReference = D674B5BD28D8DC0A00EEC8BA /* day7 */;
			productType = "com.apple.product-type.tool";
		};
/* End PBXNativeTarget section */

/* Begin PBXProject section */
		D674B5B528D8DC0A00EEC8BA /* Project object */ = {
			isa = PBXProject;
			attributes = {
				BuildIndependentTargetsInParallel = 1;
				LastUpgradeCheck = 1320;
				TargetAttributes = {
					D674B5BC28D8DC0A00EEC8BA = {
						CreatedOnToolsVersion = 13.2.1;
					};
				};
			};
			buildConfigurationList = D674B5B828D8DC0A00EEC8BA /* Build configuration list for PBXProject "day7" */;
			compatibilityVersion = "Xcode 13.0";
			developmentRegion = en;
			hasScannedForEncodings = 0;
			knownRegions = (
				en,
				Base,
			);
			mainGroup = D674B5B428D8DC0A00EEC8BA;
			productRefGroup = D674B5BE28D8DC0A00EEC8BA /* Products */;
			projectDirPath = "";
			projectRoot = "";
			targets = (
				D674B5BC28D8DC0A00EEC8BA /* day7 */,
			);
		};
/* End PBXProject section */

/* Begin PBXSourcesBuildPhase section */
		D674B5B928D8DC0A00EEC8BA /* Sources */ = {
			isa = PBXSourcesBuildPhase;
			buildActionMask = 2147483647;
			files = (
				D674B5C928D8DE4300EEC8BA /* day7notes.c in Sources */,
				D674B5C128D8DC0A00EEC8BA /* main.cpp in Sources */,
				D674895B28D934F900623395 /* daily7.c in Sources */,
			);
			runOnlyForDeploymentPostprocessing = 0;
		};
/* End PBXSourcesBuildPhase section */

/* Begin XCBuildConfiguration section */
		D674B5C228D8DC0A00EEC8BA /* Debug */ = {
			isa = XCBuildConfiguration;
			buildSettings = {
				ALWAYS_SEARCH_USER_PATHS = NO;
				CLANG_ANALYZER_NONNULL = YES;
				CLANG_ANALYZER_NUMBER_OBJECT_CONVERSION = YES_AGGRESSIVE;
				CLANG_CXX_LANGUAGE_STANDARD = "gnu++17";
				CLANG_CXX_LIBRARY = "libc++";
				CLANG_ENABLE_MODULES = YES;
				CLANG_ENABLE_OBJC_ARC = YES;
				CLANG_ENABLE_OBJC_WEAK = YES;
				CLANG_WARN_BLOCK_CAPTURE_AUTORELEASING = YES;
				CLANG_WARN_BOOL_CONVERSION = YES;
				CLANG_WARN_COMMA = YES;
				CLANG_WARN_CONSTANT_CONVERSION = YES;
				CLANG_WARN_DEPRECATED_OBJC_IMPLEMENTATIONS = YES;
				CLANG_WARN_DIRECT_OBJC_ISA_USAGE = YES_ERROR;
				CLANG_WARN_DOCUMENTATION_COMMENTS = YES;
				CLANG_WARN_EMPTY_BODY = YES;
				CLANG_WARN_ENUM_CONVERSION = YES;
				CLANG_WARN_INFINITE_RECURSION = YES;
				CLANG_WARN_INT_CONVERSION = YES;
				CLANG_WARN_NON_LITERAL_NULL_CONVERSION = YES;
				CLANG_WARN_OBJC_IMPLICIT_RETAIN_SELF = YES;
				CLANG_WARN_OBJC_LITERAL_CONVERSION = YES;
				CLANG_WARN_OBJC_ROOT_CLASS = YES_ERROR;
				CLANG_WARN_QUOTED_INCLUDE_IN_FRAMEWORK_HEADER = YES;
				CLANG_WARN_RANGE_LOOP_ANALYSIS = YES;
				CLANG_WARN_STRICT_PROTOTYPES = YES;
				CLANG_WARN_SUSPICIOUS_MOVE = YES;
				CLANG_WARN_UNGUARDED_AVAILABILITY = YES_AGGRESSIVE;
				CLANG_WARN_UNREACHABLE_CODE = YES;
				CLANG_WARN__DUPLICATE_METHOD_MATCH = YES;
				COPY_PHASE_STRIP = NO;
				DEBUG_INFORMATION_FORMAT = dwarf;
				ENABLE_STRICT_OBJC_MSGSEND = YES;
				ENABLE_TESTABILITY = YES;
				GCC_C_LANGUAGE_STANDARD = gnu11;
				GCC_DYNAMIC_NO_PIC = NO;
				GCC_NO_COMMON_BLOCKS = YES;
				GCC_OPTIMIZATION_LEVEL = 0;
				GCC_PREPROCESSOR_DEFINITIONS = (
					"DEBUG=1",
					"$(inherited)",
				);
				GCC_WARN_64_TO_32_BIT_CONVERSION = YES;
				GCC_WARN_ABOUT_RETURN_TYPE = YES_ERROR;
				GCC_WARN_UNDECLARED_SELECTOR = YES;
				GCC_WARN_UNINITIALIZED_AUTOS = YES_AGGRESSIVE;
				GCC_WARN_UNUSED_FUNCTION = YES;
				GCC_WARN_UNUSED_VARIABLE = YES;
				MACOSX_DEPLOYMENT_TARGET = 11.7;
				MTL_ENABLE_DEBUG_INFO = INCLUDE_SOURCE;
				MTL_FAST_MATH = YES;
				ONLY_ACTIVE_ARCH = YES;
				SDKROOT = macosx;
			};
			name = Debug;
		};
		D674B5C328D8DC0A00EEC8BA /* Release */ = {
			isa = XCBuildConfiguration;
			buildSettings = {
				ALWAYS_SEARCH_USER_PATHS = NO;
				CLANG_ANALYZER_NONNULL = YES;
				CLANG_ANALYZER_NUMBER_OBJECT_CONVERSION = YES_AGGRESSIVE;
				CLANG_CXX_LANGUAGE_STANDARD = "gnu++17";
				CLANG_CXX_LIBRARY = "libc++";
				CLANG_ENABLE_MODULES = YES;
				CLANG_ENABLE_OBJC_ARC = YES;
				CLANG_ENABLE_OBJC_WEAK = YES;
				CLANG_WARN_BLOCK_CAPTURE_AUTORELEASING = YES;
				CLANG_WARN_BOOL_CONVERSION = YES;
				CLANG_WARN_COMMA = YES;
				CLANG_WARN_CONSTANT_CONVERSION = YES;
				CLANG_WARN_DEPRECATED_OBJC_IMPLEMENTATIONS = YES;
				CLANG_WARN_DIRECT_OBJC_ISA_USAGE = YES_ERROR;
				CLANG_WARN_DOCUMENTATION_COMMENTS = YES;
				CLANG_WARN_EMPTY_BODY = YES;
				CLANG_WARN_ENUM_CONVERSION = YES;
				CLANG_WARN_INFINITE_RECURSION = YES;
				CLANG_WARN_INT_CONVERSION = YES;
				CLANG_WARN_NON_LITERAL_NULL_CONVERSION = YES;
				CLANG_WARN_OBJC_IMPLICIT_RETAIN_SELF = YES;
				CLANG_WARN_OBJC_LITERAL_CONVERSION = YES;
				CLANG_WARN_OBJC_ROOT_CLASS = YES_ERROR;
				CLANG_WARN_QUOTED_INCLUDE_IN_FRAMEWORK_HEADER = YES;
				CLANG_WARN_RANGE_LOOP_ANALYSIS = YES;
				CLANG_WARN_STRICT_PROTOTYPES = YES;
				CLANG_WARN_SUSPICIOUS_MOVE = YES;
				CLANG_WARN_UNGUARDED_AVAILABILITY = YES_AGGRESSIVE;
				CLANG_WARN_UNREACHABLE_CODE = YES;
				CLANG_WARN__DUPLICATE_METHOD_MATCH = YES;
				COPY_PHASE_STRIP = NO;
				DEBUG_INFORMATION_FORMAT = "dwarf-with-dsym";
				ENABLE_NS_ASSERTIONS = NO;
				ENABLE_STRICT_OBJC_MSGSEND = YES;
				GCC_C_LANGUAGE_STANDARD = gnu11;
				GCC_NO_COMMON_BLOCKS = YES;
				GCC_WARN_64_TO_32_BIT_CONVERSION = YES;
				GCC_WARN_ABOUT_RETURN_TYPE = YES_ERROR;
				GCC_WARN_UNDECLARED_SELECTOR = YES;
				GCC_WARN_UNINITIALIZED_AUTOS = YES_AGGRESSIVE;
				GCC_WARN_UNUSED_FUNCTION = YES;
				GCC_WARN_UNUSED_VARIABLE = YES;
				MACOSX_DEPLOYMENT_TARGET = 11.7;
				MTL_ENABLE_DEBUG_INFO = NO;
				MTL_FAST_MATH = YES;
				SDKROOT = macosx;
			};
			name = Release;
		};
		D674B5C528D8DC0A00EEC8BA /* Debug */ = {
			isa = XCBuildConfiguration;
			buildSettings = {
				CODE_SIGN_STYLE = Automatic;
				PRODUCT_NAME = "$(TARGET_NAME)";
			};
			name = Debug;
		};
		D674B5C628D8DC0A00EEC8BA /* Release */ = {
			isa = XCBuildConfiguration;
			buildSettings = {
				CODE_SIGN_STYLE = Automatic;
				PRODUCT_NAME = "$(TARGET_NAME)";
			};
			name = Release;
		};
/* End XCBuildConfiguration section */

/* Begin XCConfigurationList section */
		D674B5B828D8DC0A00EEC8BA /* Build configuration list for PBXProject "day7" */ = {
			isa = XCConfigurationList;
			buildConfigurations = (
				D674B5C228D8DC0A00EEC8BA /* Debug */,
				D674B5C328D8DC0A00EEC8BA /* Release */,
			);
			defaultConfigurationIsVisible = 0;
			defaultConfigurationName = Release;
		};
		D674B5C428D8DC0A00EEC8BA /* Build configuration list for PBXNativeTarget "day7" */ = {
			isa = XCConfigurationList;
			buildConfigurations = (
				D674B5C528D8DC0A00EEC8BA /* Debug */,
				D674B5C628D8DC0A00EEC8BA /* Release */,
			);
			defaultConfigurationIsVisible = 0;
			defaultConfigurationName = Release;
		};
/* End XCConfigurationList section */
	};
	rootObject = D674B5B528D8DC0A00EEC8BA /* Project object */;
}
