// !$*UTF8*$!
{
	archiveVersion = 1;
	classes = {
	};
	objectVersion = 55;
	objects = {

/* Begin PBXBuildFile section */
		D693A7BB28D4E4FA00DAE21B /* main.cpp in Sources */ = {isa = PBXBuildFile; fileRef = D693A7BA28D4E4FA00DAE21B /* main.cpp */; };
		D693A7C328D4E5C500DAE21B /* day6notes.c in Sources */ = {isa = PBXBuildFile; fileRef = D693A7C228D4E5C500DAE21B /* day6notes.c */; };
		D693A7C628D54FA200DAE21B /* daily6.c in Sources */ = {isa = PBXBuildFile; fileRef = D693A7C528D54FA200DAE21B /* daily6.c */; };
/* End PBXBuildFile section */

/* Begin PBXCopyFilesBuildPhase section */
		D693A7B528D4E4FA00DAE21B /* CopyFiles */ = {
			isa = PBXCopyFilesBuildPhase;
			buildActionMask = 2147483647;
			dstPath = /usr/share/man/man1/;
			dstSubfolderSpec = 0;
			files = (
			);
			runOnlyForDeploymentPostprocessing = 1;
		};
/* End PBXCopyFilesBuildPhase section */

/* Begin PBXFileReference section */
		D693A7B728D4E4FA00DAE21B /* day6notes */ = {isa = PBXFileReference; explicitFileType = "compiled.mach-o.executable"; includeInIndex = 0; path = day6notes; sourceTree = BUILT_PRODUCTS_DIR; };
		D693A7BA28D4E4FA00DAE21B /* main.cpp */ = {isa = PBXFileReference; lastKnownFileType = sourcecode.cpp.cpp; path = main.cpp; sourceTree = "<group>"; };
		D693A7C128D4E5C400DAE21B /* day6notes.h */ = {isa = PBXFileReference; lastKnownFileType = sourcecode.c.h; path = day6notes.h; sourceTree = "<group>"; };
		D693A7C228D4E5C500DAE21B /* day6notes.c */ = {isa = PBXFileReference; lastKnownFileType = sourcecode.c.c; path = day6notes.c; sourceTree = "<group>"; };
		D693A7C428D54FA100DAE21B /* daily6.h */ = {isa = PBXFileReference; lastKnownFileType = sourcecode.c.h; path = daily6.h; sourceTree = "<group>"; };
		D693A7C528D54FA200DAE21B /* daily6.c */ = {isa = PBXFileReference; lastKnownFileType = sourcecode.c.c; path = daily6.c; sourceTree = "<group>"; };
/* End PBXFileReference section */

/* Begin PBXFrameworksBuildPhase section */
		D693A7B428D4E4FA00DAE21B /* Frameworks */ = {
			isa = PBXFrameworksBuildPhase;
			buildActionMask = 2147483647;
			files = (
			);
			runOnlyForDeploymentPostprocessing = 0;
		};
/* End PBXFrameworksBuildPhase section */

/* Begin PBXGroup section */
		D693A7AE28D4E4F900DAE21B = {
			isa = PBXGroup;
			children = (
				D693A7B928D4E4FA00DAE21B /* day6notes */,
				D693A7B828D4E4FA00DAE21B /* Products */,
			);
			sourceTree = "<group>";
		};
		D693A7B828D4E4FA00DAE21B /* Products */ = {
			isa = PBXGroup;
			children = (
				D693A7B728D4E4FA00DAE21B /* day6notes */,
			);
			name = Products;
			sourceTree = "<group>";
		};
		D693A7B928D4E4FA00DAE21B /* day6notes */ = {
			isa = PBXGroup;
			children = (
				D693A7BA28D4E4FA00DAE21B /* main.cpp */,
				D693A7C128D4E5C400DAE21B /* day6notes.h */,
				D693A7C228D4E5C500DAE21B /* day6notes.c */,
				D693A7C428D54FA100DAE21B /* daily6.h */,
				D693A7C528D54FA200DAE21B /* daily6.c */,
			);
			path = day6notes;
			sourceTree = "<group>";
		};
/* End PBXGroup section */

/* Begin PBXNativeTarget section */
		D693A7B628D4E4FA00DAE21B /* day6notes */ = {
			isa = PBXNativeTarget;
			buildConfigurationList = D693A7BE28D4E4FA00DAE21B /* Build configuration list for PBXNativeTarget "day6notes" */;
			buildPhases = (
				D693A7B328D4E4FA00DAE21B /* Sources */,
				D693A7B428D4E4FA00DAE21B /* Frameworks */,
				D693A7B528D4E4FA00DAE21B /* CopyFiles */,
			);
			buildRules = (
			);
			dependencies = (
			);
			name = day6notes;
			productName = day6notes;
			productReference = D693A7B728D4E4FA00DAE21B /* day6notes */;
			productType = "com.apple.product-type.tool";
		};
/* End PBXNativeTarget section */

/* Begin PBXProject section */
		D693A7AF28D4E4F900DAE21B /* Project object */ = {
			isa = PBXProject;
			attributes = {
				BuildIndependentTargetsInParallel = 1;
				LastUpgradeCheck = 1320;
				TargetAttributes = {
					D693A7B628D4E4FA00DAE21B = {
						CreatedOnToolsVersion = 13.2.1;
					};
				};
			};
			buildConfigurationList = D693A7B228D4E4F900DAE21B /* Build configuration list for PBXProject "day6notes" */;
			compatibilityVersion = "Xcode 13.0";
			developmentRegion = en;
			hasScannedForEncodings = 0;
			knownRegions = (
				en,
				Base,
			);
			mainGroup = D693A7AE28D4E4F900DAE21B;
			productRefGroup = D693A7B828D4E4FA00DAE21B /* Products */;
			projectDirPath = "";
			projectRoot = "";
			targets = (
				D693A7B628D4E4FA00DAE21B /* day6notes */,
			);
		};
/* End PBXProject section */

/* Begin PBXSourcesBuildPhase section */
		D693A7B328D4E4FA00DAE21B /* Sources */ = {
			isa = PBXSourcesBuildPhase;
			buildActionMask = 2147483647;
			files = (
				D693A7C628D54FA200DAE21B /* daily6.c in Sources */,
				D693A7BB28D4E4FA00DAE21B /* main.cpp in Sources */,
				D693A7C328D4E5C500DAE21B /* day6notes.c in Sources */,
			);
			runOnlyForDeploymentPostprocessing = 0;
		};
/* End PBXSourcesBuildPhase section */

/* Begin XCBuildConfiguration section */
		D693A7BC28D4E4FA00DAE21B /* Debug */ = {
			isa = XCBuildConfiguration;
			buildSettings = {
				ALWAYS_SEARCH_USER_PATHS = NO;
				CLANG_ANALYZER_NONNULL = YES;
				CLANG_ANALYZER_NUMBER_OBJECT_CONVERSION = YES_AGGRESSIVE;
				CLANG_CXX_LANGUAGE_STANDARD = "gnu++17";
				CLANG_CXX_LIBRARY = "libc++";
				CLANG_ENABLE_MODULES = YES;
				CLANG_ENABLE_OBJC_ARC = YES;
				CLANG_ENABLE_OBJC_WEAK = YES;
				CLANG_WARN_BLOCK_CAPTURE_AUTORELEASING = YES;
				CLANG_WARN_BOOL_CONVERSION = YES;
				CLANG_WARN_COMMA = YES;
				CLANG_WARN_CONSTANT_CONVERSION = YES;
				CLANG_WARN_DEPRECATED_OBJC_IMPLEMENTATIONS = YES;
				CLANG_WARN_DIRECT_OBJC_ISA_USAGE = YES_ERROR;
				CLANG_WARN_DOCUMENTATION_COMMENTS = YES;
				CLANG_WARN_EMPTY_BODY = YES;
				CLANG_WARN_ENUM_CONVERSION = YES;
				CLANG_WARN_INFINITE_RECURSION = YES;
				CLANG_WARN_INT_CONVERSION = YES;
				CLANG_WARN_NON_LITERAL_NULL_CONVERSION = YES;
				CLANG_WARN_OBJC_IMPLICIT_RETAIN_SELF = YES;
				CLANG_WARN_OBJC_LITERAL_CONVERSION = YES;
				CLANG_WARN_OBJC_ROOT_CLASS = YES_ERROR;
				CLANG_WARN_QUOTED_INCLUDE_IN_FRAMEWORK_HEADER = YES;
				CLANG_WARN_RANGE_LOOP_ANALYSIS = YES;
				CLANG_WARN_STRICT_PROTOTYPES = YES;
				CLANG_WARN_SUSPICIOUS_MOVE = YES;
				CLANG_WARN_UNGUARDED_AVAILABILITY = YES_AGGRESSIVE;
				CLANG_WARN_UNREACHABLE_CODE = YES;
				CLANG_WARN__DUPLICATE_METHOD_MATCH = YES;
				COPY_PHASE_STRIP = NO;
				DEBUG_INFORMATION_FORMAT = dwarf;
				ENABLE_STRICT_OBJC_MSGSEND = YES;
				ENABLE_TESTABILITY = YES;
				GCC_C_LANGUAGE_STANDARD = gnu11;
				GCC_DYNAMIC_NO_PIC = NO;
				GCC_NO_COMMON_BLOCKS = YES;
				GCC_OPTIMIZATION_LEVEL = 0;
				GCC_PREPROCESSOR_DEFINITIONS = (
					"DEBUG=1",
					"$(inherited)",
				);
				GCC_WARN_64_TO_32_BIT_CONVERSION = YES;
				GCC_WARN_ABOUT_RETURN_TYPE = YES_ERROR;
				GCC_WARN_UNDECLARED_SELECTOR = YES;
				GCC_WARN_UNINITIALIZED_AUTOS = YES_AGGRESSIVE;
				GCC_WARN_UNUSED_FUNCTION = YES;
				GCC_WARN_UNUSED_VARIABLE = YES;
				MACOSX_DEPLOYMENT_TARGET = 11.7;
				MTL_ENABLE_DEBUG_INFO = INCLUDE_SOURCE;
				MTL_FAST_MATH = YES;
				ONLY_ACTIVE_ARCH = YES;
				SDKROOT = macosx;
			};
			name = Debug;
		};
		D693A7BD28D4E4FA00DAE21B /* Release */ = {
			isa = XCBuildConfiguration;
			buildSettings = {
				ALWAYS_SEARCH_USER_PATHS = NO;
				CLANG_ANALYZER_NONNULL = YES;
				CLANG_ANALYZER_NUMBER_OBJECT_CONVERSION = YES_AGGRESSIVE;
				CLANG_CXX_LANGUAGE_STANDARD = "gnu++17";
				CLANG_CXX_LIBRARY = "libc++";
				CLANG_ENABLE_MODULES = YES;
				CLANG_ENABLE_OBJC_ARC = YES;
				CLANG_ENABLE_OBJC_WEAK = YES;
				CLANG_WARN_BLOCK_CAPTURE_AUTORELEASING = YES;
				CLANG_WARN_BOOL_CONVERSION = YES;
				CLANG_WARN_COMMA = YES;
				CLANG_WARN_CONSTANT_CONVERSION = YES;
				CLANG_WARN_DEPRECATED_OBJC_IMPLEMENTATIONS = YES;
				CLANG_WARN_DIRECT_OBJC_ISA_USAGE = YES_ERROR;
				CLANG_WARN_DOCUMENTATION_COMMENTS = YES;
				CLANG_WARN_EMPTY_BODY = YES;
				CLANG_WARN_ENUM_CONVERSION = YES;
				CLANG_WARN_INFINITE_RECURSION = YES;
				CLANG_WARN_INT_CONVERSION = YES;
				CLANG_WARN_NON_LITERAL_NULL_CONVERSION = YES;
				CLANG_WARN_OBJC_IMPLICIT_RETAIN_SELF = YES;
				CLANG_WARN_OBJC_LITERAL_CONVERSION = YES;
				CLANG_WARN_OBJC_ROOT_CLASS = YES_ERROR;
				CLANG_WARN_QUOTED_INCLUDE_IN_FRAMEWORK_HEADER = YES;
				CLANG_WARN_RANGE_LOOP_ANALYSIS = YES;
				CLANG_WARN_STRICT_PROTOTYPES = YES;
				CLANG_WARN_SUSPICIOUS_MOVE = YES;
				CLANG_WARN_UNGUARDED_AVAILABILITY = YES_AGGRESSIVE;
				CLANG_WARN_UNREACHABLE_CODE = YES;
				CLANG_WARN__DUPLICATE_METHOD_MATCH = YES;
				COPY_PHASE_STRIP = NO;
				DEBUG_INFORMATION_FORMAT = "dwarf-with-dsym";
				ENABLE_NS_ASSERTIONS = NO;
				ENABLE_STRICT_OBJC_MSGSEND = YES;
				GCC_C_LANGUAGE_STANDARD = gnu11;
				GCC_NO_COMMON_BLOCKS = YES;
				GCC_WARN_64_TO_32_BIT_CONVERSION = YES;
				GCC_WARN_ABOUT_RETURN_TYPE = YES_ERROR;
				GCC_WARN_UNDECLARED_SELECTOR = YES;
				GCC_WARN_UNINITIALIZED_AUTOS = YES_AGGRESSIVE;
				GCC_WARN_UNUSED_FUNCTION = YES;
				GCC_WARN_UNUSED_VARIABLE = YES;
				MACOSX_DEPLOYMENT_TARGET = 11.7;
				MTL_ENABLE_DEBUG_INFO = NO;
				MTL_FAST_MATH = YES;
				SDKROOT = macosx;
			};
			name = Release;
		};
		D693A7BF28D4E4FA00DAE21B /* Debug */ = {
			isa = XCBuildConfiguration;
			buildSettings = {
				CODE_SIGN_STYLE = Automatic;
				PRODUCT_NAME = "$(TARGET_NAME)";
			};
			name = Debug;
		};
		D693A7C028D4E4FA00DAE21B /* Release */ = {
			isa = XCBuildConfiguration;
			buildSettings = {
				CODE_SIGN_STYLE = Automatic;
				PRODUCT_NAME = "$(TARGET_NAME)";
			};
			name = Release;
		};
/* End XCBuildConfiguration section */

/* Begin XCConfigurationList section */
		D693A7B228D4E4F900DAE21B /* Build configuration list for PBXProject "day6notes" */ = {
			isa = XCConfigurationList;
			buildConfigurations = (
				D693A7BC28D4E4FA00DAE21B /* Debug */,
				D693A7BD28D4E4FA00DAE21B /* Release */,
			);
			defaultConfigurationIsVisible = 0;
			defaultConfigurationName = Release;
		};
		D693A7BE28D4E4FA00DAE21B /* Build configuration list for PBXNativeTarget "day6notes" */ = {
			isa = XCConfigurationList;
			buildConfigurations = (
				D693A7BF28D4E4FA00DAE21B /* Debug */,
				D693A7C028D4E4FA00DAE21B /* Release */,
			);
			defaultConfigurationIsVisible = 0;
			defaultConfigurationName = Release;
		};
/* End XCConfigurationList section */
	};
	rootObject = D693A7AF28D4E4F900DAE21B /* Project object */;
}
